<?xml version="1.0" encoding="utf-8"?>
<Project ToolsVersion="4.0" xmlns="http://schemas.microsoft.com/developer/msbuild/2003">
  <ItemGroup>
    <Manifest Include="app.manifest" />
  </ItemGroup>
  <ItemGroup>
    <ClCompile Include="src\scene\GameOverScene.cpp" />
    <ClCompile Include="src\scene\ClearScene.cpp" />
    <ClCompile Include="src\Character\Player\Components\Reaction\PlayerComponentReaction.cpp" />
    <ClCompile Include="src\Character\Player\Components\Color\PlayerColorComponent.cpp" />
    <ClCompile Include="src\Character\Player\Components\Health\PlayerHealthComponent.cpp" />
    <ClCompile Include="src\Character\Player\Components\Ammo\PlayerAmmoComponent.cpp" />
    <ClCompile Include="src\Character\Player\States\Damaged\PlayerStateDamaged.cpp" />
    <ClCompile Include="src\UI\Damage\DamageVignette.cpp" />
    <ClCompile Include="src\Field\Field.cpp" />
    <ClCompile Include="src\Field\FieldSurround.cpp" />
    <ClCompile Include="src\GameOver\GameOverBossActor.cpp" />
    <ClCompile Include="src\GameOver\GameOverPlayerActor.cpp" />
    <ClCompile Include="src\GameOver\GameOverStaging.cpp" />
    <ClCompile Include="src\Clear\ClearBossRemains.cpp" />
    <ClCompile Include="src\Clear\ClearPlayerActor.cpp" />
    <ClCompile Include="src\Clear\ClearStaging.cpp" />
    <ClCompile Include="src\pch.cpp" />
    <ClCompile Include="src\main.cpp" />
    <ClCompile Include="src\framework\KaraPuyo.cpp" />
    <ClCompile Include="src\scene\GameScene.cpp" />
    <ClCompile Include="src\Boss\Attack\BossAttackScheduler.cpp" />
    <ClCompile Include="src\Boss\Attack\BossAttackSlam.cpp" />
    <ClCompile Include="src\Boss\Attack\BossAttackSpin.cpp" />
    <ClCompile Include="src\Boss\Boss.cpp" />
    <ClCompile Include="src\Boss\Data\BossColorPalette.cpp" />
    <ClCompile Include="src\Boss\Data\BossParameters.cpp" />
    <ClCompile Include="src\Boss\Effect\BossDefeatDirector.cpp" />
    <ClCompile Include="src\Boss\Effect\BossParticles.cpp" />
    <ClCompile Include="src\Boss\Effect\BossWarningMarker.cpp" />
    <ClCompile Include="src\Boss\Lattice\BossIcosphere.cpp" />
    <ClCompile Include="src\Boss\Lattice\BossSphereLattice.cpp" />
    <ClCompile Include="src\Boss\Shell\BossShellMetaBall.cpp" />
    <ClCompile Include="src\Boss\Shell\BossSphere.cpp" />
    <ClCompile Include="src\Boss\Shell\BossSphereCluster.cpp" />
    <ClCompile Include="src\Boss\Spider\BossSpider.cpp" />
    <ClCompile Include="src\Boss\Spider\BossSpiderLeg.cpp" />
    <ClCompile Include="src\Boss\Spider\Attack\BossSpiderAttackLeap.cpp" />
    <ClCompile Include="src\Boss\Spider\Attack\BossSpiderAttackShoot.cpp" />
    <ClCompile Include="src\Boss\Spider\Attack\BossSpiderAttackWhirl.cpp" />
    <ClCompile Include="src\Boss\State\BossStateMachine.cpp" />
    <ClCompile Include="src\Boss\State\BossStates.cpp" />
    <ClCompile Include="src\Camera\Follow\FollowCamera.cpp" />
    <ClCompile Include="src\Character\Player\Components\Jump\PlayerJumpComponent.cpp" />
    <ClCompile Include="src\Character\Player\Components\Move\PlayerMoveComponent.cpp" />
    <ClCompile Include="src\Character\Player\Components\Shoot\PlayerShootComponent.cpp" />
    <ClCompile Include="src\Character\Player\Player.cpp" />
    <ClCompile Include="src\Character\Player\Effect\PlayerParticles.cpp" />
    <ClCompile Include="src\Effect\PerfectDodgeDirector.cpp" />
    <ClCompile Include="src\Character\Player\States\Dash\PlayerStateDash.cpp" />
    <ClCompile Include="src\Character\Player\States\Dodge\PlayerStateDodge.cpp" />
    <ClCompile Include="src\Character\Player\States\Idle\PlayerStateIdle.cpp" />
    <ClCompile Include="src\Character\Player\States\Jump\PlayerStateJump.cpp" />
    <ClCompile Include="src\Character\Player\States\Move\PlayerStateMove.cpp" />
    <ClCompile Include="src\Character\Player\Weapon\Bullet\Manager\PlayerBulletManager.cpp" />
    <ClCompile Include="src\Character\Player\Weapon\Bullet\PlayerBullet.cpp" />
    <ClCompile Include="src\Character\Player\Weapon\PlayerWeapon.cpp" />
    <ClCompile Include="src\Input\GameInput.cpp" />
    <ClCompile Include="src\Settings\GameSettings.cpp" />
    <ClCompile Include="src\UI\Pause\PauseMenu.cpp" />
    <ClCompile Include="src\UI\Text\UiText.cpp" />
    <ClCompile Include="src\scene\TitleScene.cpp" />
    <ClCompile Include="src\scene\TutorialScene.cpp" />
    <ClCompile Include="src\Tutorial\TutorialDirector.cpp" />
  </ItemGroup>
  <ItemGroup>
    <ClInclude Include="src\scene\GameOverScene.h" />
    <ClInclude Include="src\scene\ClearScene.h" />
    <ClInclude Include="src\Character\Player\Components\Reaction\PlayerComponentReaction.h" />
    <ClInclude Include="src\Character\Player\Components\Color\PlayerColorComponent.h" />
    <ClInclude Include="src\Character\Player\Components\Health\PlayerHealthComponent.h" />
    <ClInclude Include="src\Character\Player\Components\Ammo\PlayerAmmoComponent.h" />
    <ClInclude Include="src\Character\Player\States\Damaged\PlayerStateDamaged.h" />
    <ClInclude Include="src\UI\Damage\DamageVignette.h" />
    <ClInclude Include="src\Field\Field.h" />
    <ClInclude Include="src\Field\FieldSurround.h" />
    <ClInclude Include="src\GameOver\GameOverBossActor.h" />
    <ClInclude Include="src\GameOver\GameOverContext.h" />
    <ClInclude Include="src\GameOver\GameOverPlayerActor.h" />
    <ClInclude Include="src\GameOver\GameOverStaging.h" />
    <ClInclude Include="src\Clear\ClearBossRemains.h" />
    <ClInclude Include="src\Clear\ClearPlayerActor.h" />
    <ClInclude Include="src\Clear\ClearStaging.h" />
    <ClInclude Include="src\pch.h" />
    <ClInclude Include="src\framework\KaraPuyo.h" />
    <ClInclude Include="src\scene\GameScene.h" />
    <ClInclude Include="src\Boss\Attack\BossAttackScheduler.h" />
    <ClInclude Include="src\Boss\Attack\BossAttackSlam.h" />
    <ClInclude Include="src\Boss\Attack\BossAttackSpin.h" />
    <ClInclude Include="src\Boss\Attack\IBossAttack.h" />
    <ClInclude Include="src\Boss\Boss.h" />
    <ClInclude Include="src\Boss\Data\BossColorPalette.h" />
    <ClInclude Include="src\Boss\Data\BossEasing.h" />
    <ClInclude Include="src\Boss\Data\BossParameters.h" />
    <ClInclude Include="src\Boss\Effect\BossDefeatDirector.h" />
    <ClInclude Include="src\Boss\Effect\BossParticles.h" />
    <ClInclude Include="src\Boss\Effect\BossWarningMarker.h" />
    <ClInclude Include="src\Boss\Lattice\BossIcosphere.h" />
    <ClInclude Include="src\Boss\Lattice\BossSphereLattice.h" />
    <ClInclude Include="src\Boss\Shell\BossShellMetaBall.h" />
    <ClInclude Include="src\Boss\Shell\BossSphere.h" />
    <ClInclude Include="src\Boss\Shell\BossSphereCluster.h" />
    <ClInclude Include="src\Boss\Spider\BossSpider.h" />
    <ClInclude Include="src\Boss\Spider\BossSpiderLeg.h" />
    <ClInclude Include="src\Boss\Spider\Attack\BossSpiderAttackLeap.h" />
    <ClInclude Include="src\Boss\Spider\Attack\BossSpiderAttackShoot.h" />
    <ClInclude Include="src\Boss\Spider\Attack\BossSpiderAttackWhirl.h" />
    <ClInclude Include="src\Boss\State\BossState.h" />
    <ClInclude Include="src\Boss\State\BossStateMachine.h" />
    <ClInclude Include="src\Boss\State\BossStates.h" />
    <ClInclude Include="src\Camera\Follow\FollowCamera.h" />
    <ClInclude Include="src\Character\ColorStruct.h" />
    <ClInclude Include="src\Character\Player\Components\Jump\PlayerJumpComponent.h" />
    <ClInclude Include="src\Character\Player\Components\Move\PlayerMoveComponent.h" />
    <ClInclude Include="src\Character\Player\Components\Shoot\PlayerShootComponent.h" />
    <ClInclude Include="src\Character\Player\Core\PlayerContext.h" />
    <ClInclude Include="src\Character\Player\Player.h" />
    <ClInclude Include="src\Character\Player\Effect\PlayerParticles.h" />
    <ClInclude Include="src\Effect\PerfectDodgeDirector.h" />
    <ClInclude Include="src\Character\Player\States\Base\PlayerStateBase.h" />
    <ClInclude Include="src\Character\Player\States\Dash\PlayerStateDash.h" />
    <ClInclude Include="src\Character\Player\States\Dodge\PlayerStateDodge.h" />
    <ClInclude Include="src\Character\Player\States\Idle\PlayerStateIdle.h" />
    <ClInclude Include="src\Character\Player\States\Jump\PlayerStateJump.h" />
    <ClInclude Include="src\Character\Player\States\Move\PlayerStateMove.h" />
    <ClInclude Include="src\Character\Player\Weapon\Bullet\Manager\PlayerBulletManager.h" />
    <ClInclude Include="src\Character\Player\Weapon\Bullet\PlayerBullet.h" />
    <ClInclude Include="src\Character\Player\Weapon\PlayerWeapon.h" />
    <ClInclude Include="src\Input\GameInput.h" />
    <ClInclude Include="src\Settings\GameSettings.h" />
    <ClInclude Include="src\UI\Pause\PauseMenu.h" />
    <ClInclude Include="src\UI\Text\UiText.h" />
    <ClInclude Include="src\Interface\FunctionalPlayerBridge.h" />
    <ClInclude Include="src\Interface\IBossTargetQuery.h" />
    <ClInclude Include="src\Interface\IColorProvider.h" />
    <ClInclude Include="src\Interface\IDamageable.h" />
    <ClInclude Include="src\Interface\IFieldBounds.h" />
    <ClInclude Include="src\Interface\ITargetLocator.h" />
    <ClInclude Include="src\scene\TitleScene.h" />
    <ClInclude Include="src\scene\TutorialScene.h" />
    <ClInclude Include="src\Tutorial\TutorialDirector.h" />
  </ItemGroup>
  <ItemGroup>
    <None Include="cpp.hint" />
  </ItemGroup>
</Project>